// !$*UTF8*$!
{
	archiveVersion = 1;
	classes = {
	};
	objectVersion = 46;
	objects = {

/* Begin PBXBuildFile section */
		CBA6866F1E85605F000753F5 /* AppDelegate.swift in Sources */ = {isa = PBXBuildFile; fileRef = CBA6866E1E85605F000753F5 /* AppDelegate.swift */; };
		CBA686711E85605F000753F5 /* ViewController.swift in Sources */ = {isa = PBXBuildFile; fileRef = CBA686701E85605F000753F5 /* ViewController.swift */; };
		CBA686741E85605F000753F5 /* Main.storyboard in Resources */ = {isa = PBXBuildFile; fileRef = CBA686721E85605F000753F5 /* Main.storyboard */; };
		CBA686761E85605F000753F5 /* Assets.xcassets in Resources */ = {isa = PBXBuildFile; fileRef = CBA686751E85605F000753F5 /* Assets.xcassets */; };
		CBA686791E85605F000753F5 /* LaunchScreen.storyboard in Resources */ = {isa = PBXBuildFile; fileRef = CBA686771E85605F000753F5 /* LaunchScreen.storyboard */; };
		CBA686811E85642D000753F5 /* DetailViewController.swift in Sources */ = {isa = PBXBuildFile; fileRef = CBA686801E85642D000753F5 /* DetailViewController.swift */; };
		CBDF547A1E857C5000ACDC82 /* GoogleService-Info.plist in Resources */ = {isa = PBXBuildFile; fileRef = CBDF54791E857C5000ACDC82 /* GoogleService-Info.plist */; };
		F34489BA9374439E2F15C6FD /* Pods_NEW_NOTES_SWIFT3_FIREBASE.framework in Frameworks */ = {isa = PBXBuildFile; fileRef = 67C5C1F6C3C2B093F1DDD85F /* Pods_NEW_NOTES_SWIFT3_FIREBASE.framework */; };
/* End PBXBuildFile section */

/* Begin PBXFileReference section */
		4CB85320876642E46A407E42 /* Pods-NEW_NOTES_SWIFT3_FIREBASE.debug.xcconfig */ = {isa = PBXFileReference; includeInIndex = 1; lastKnownFileType = text.xcconfig; name = "Pods-NEW_NOTES_SWIFT3_FIREBASE.debug.xcconfig"; path = "Pods/Target Support Files/Pods-NEW_NOTES_SWIFT3_FIREBASE/Pods-NEW_NOTES_SWIFT3_FIREBASE.debug.xcconfig"; sourceTree = "<group>"; };
		67C5C1F6C3C2B093F1DDD85F /* Pods_NEW_NOTES_SWIFT3_FIREBASE.framework */ = {isa = PBXFileReference; explicitFileType = wrapper.framework; includeInIndex = 0; path = Pods_NEW_NOTES_SWIFT3_FIREBASE.framework; sourceTree = BUILT_PRODUCTS_DIR; };
		BA056D288D2D954A44392CA2 /* Pods-NEW_NOTES_SWIFT3_FIREBASE.release.xcconfig */ = {isa = PBXFileReference; includeInIndex = 1; lastKnownFileType = text.xcconfig; name = "Pods-NEW_NOTES_SWIFT3_FIREBASE.release.xcconfig"; path = "Pods/Target Support Files/Pods-NEW_NOTES_SWIFT3_FIREBASE/Pods-NEW_NOTES_SWIFT3_FIREBASE.release.xcconfig"; sourceTree = "<group>"; };
		CBA6866B1E85605F000753F5 /* NEW_NOTES_SWIFT3_FIREBASE.app */ = {isa = PBXFileReference; explicitFileType = wrapper.application; includeInIndex = 0; path = NEW_NOTES_SWIFT3_FIREBASE.app; sourceTree = BUILT_PRODUCTS_DIR; };
		CBA6866E1E85605F000753F5 /* AppDelegate.swift */ = {isa = PBXFileReference; lastKnownFileType = sourcecode.swift; path = AppDelegate.swift; sourceTree = "<group>"; };
		CBA686701E85605F000753F5 /* ViewController.swift */ = {isa = PBXFileReference; lastKnownFileType = sourcecode.swift; path = ViewController.swift; sourceTree = "<group>"; };
		CBA686731E85605F000753F5 /* Base */ = {isa = PBXFileReference; lastKnownFileType = file.storyboard; name = Base; path = Base.lproj/Main.storyboard; sourceTree = "<group>"; };
		CBA686751E85605F000753F5 /* Assets.xcassets */ = {isa = PBXFileReference; lastKnownFileType = folder.assetcatalog; path = Assets.xcassets; sourceTree = "<group>"; };
		CBA686781E85605F000753F5 /* Base */ = {isa = PBXFileReference; lastKnownFileType = file.storyboard; name = Base; path = Base.lproj/LaunchScreen.storyboard; sourceTree = "<group>"; };
		CBA6867A1E85605F000753F5 /* Info.plist */ = {isa = PBXFileReference; lastKnownFileType = text.plist.xml; path = Info.plist; sourceTree = "<group>"; };
		CBA686801E85642D000753F5 /* DetailViewController.swift */ = {isa = PBXFileReference; fileEncoding = 4; lastKnownFileType = sourcecode.swift; path = DetailViewController.swift; sourceTree = "<group>"; };
		CBB744C81E8588A200D9A88A /* GroceryItem.swift */ = {isa = PBXFileReference; fileEncoding = 4; lastKnownFileType = sourcecode.swift; path = GroceryItem.swift; sourceTree = "<group>"; };
		CBB744CA1E8588D500D9A88A /* GroceryListTableViewController.swift */ = {isa = PBXFileReference; fileEncoding = 4; lastKnownFileType = sourcecode.swift; path = GroceryListTableViewController.swift; sourceTree = "<group>"; };
		CBB744CB1E8588D500D9A88A /* Grocr-Bridging-Header.h */ = {isa = PBXFileReference; fileEncoding = 4; lastKnownFileType = sourcecode.c.h; path = "Grocr-Bridging-Header.h"; sourceTree = "<group>"; };
		CBB744CC1E8588D500D9A88A /* LoginViewController.swift */ = {isa = PBXFileReference; fileEncoding = 4; lastKnownFileType = sourcecode.swift; path = LoginViewController.swift; sourceTree = "<group>"; };
		CBB744CD1E8588D500D9A88A /* OnlineUsersTableViewController.swift */ = {isa = PBXFileReference; fileEncoding = 4; lastKnownFileType = sourcecode.swift; path = OnlineUsersTableViewController.swift; sourceTree = "<group>"; };
		CBB744CE1E8588D500D9A88A /* User.swift */ = {isa = PBXFileReference; fileEncoding = 4; lastKnownFileType = sourcecode.swift; path = User.swift; sourceTree = "<group>"; };
		CBDF54791E857C5000ACDC82 /* GoogleService-Info.plist */ = {isa = PBXFileReference; fileEncoding = 4; lastKnownFileType = text.plist.xml; path = "GoogleService-Info.plist"; sourceTree = "<group>"; };
/* End PBXFileReference section */

/* Begin PBXFrameworksBuildPhase section */
		CBA686681E85605F000753F5 /* Frameworks */ = {
			isa = PBXFrameworksBuildPhase;
			buildActionMask = 2147483647;
			files = (
				F34489BA9374439E2F15C6FD /* Pods_NEW_NOTES_SWIFT3_FIREBASE.framework in Frameworks */,
			);
			runOnlyForDeploymentPostprocessing = 0;
		};
/* End PBXFrameworksBuildPhase section */

/* Begin PBXGroup section */
		54DB04F0E7CA7D38D885C078 /* Pods */ = {
			isa = PBXGroup;
			children = (
				4CB85320876642E46A407E42 /* Pods-NEW_NOTES_SWIFT3_FIREBASE.debug.xcconfig */,
				BA056D288D2D954A44392CA2 /* Pods-NEW_NOTES_SWIFT3_FIREBASE.release.xcconfig */,
			);
			name = Pods;
			sourceTree = "<group>";
		};
		89492C191B194691116F6F64 /* Frameworks */ = {
			isa = PBXGroup;
			children = (
				67C5C1F6C3C2B093F1DDD85F /* Pods_NEW_NOTES_SWIFT3_FIREBASE.framework */,
			);
			name = Frameworks;
			sourceTree = "<group>";
		};
		CBA686621E85605F000753F5 = {
			isa = PBXGroup;
			children = (
				CBA6866D1E85605F000753F5 /* NEW_NOTES_SWIFT3_FIREBASE */,
				CBA6866C1E85605F000753F5 /* Products */,
				54DB04F0E7CA7D38D885C078 /* Pods */,
				89492C191B194691116F6F64 /* Frameworks */,
			);
			sourceTree = "<group>";
		};
		CBA6866C1E85605F000753F5 /* Products */ = {
			isa = PBXGroup;
			children = (
				CBA6866B1E85605F000753F5 /* NEW_NOTES_SWIFT3_FIREBASE.app */,
			);
			name = Products;
			sourceTree = "<group>";
		};
		CBA6866D1E85605F000753F5 /* NEW_NOTES_SWIFT3_FIREBASE */ = {
			isa = PBXGroup;
			children = (
				CBA6866E1E85605F000753F5 /* AppDelegate.swift */,
				CBA686701E85605F000753F5 /* ViewController.swift */,
				CBDF54791E857C5000ACDC82 /* GoogleService-Info.plist */,
				CBA686801E85642D000753F5 /* DetailViewController.swift */,
				CBA686721E85605F000753F5 /* Main.storyboard */,
				CBA686751E85605F000753F5 /* Assets.xcassets */,
				CBA686771E85605F000753F5 /* LaunchScreen.storyboard */,
				CBA6867A1E85605F000753F5 /* Info.plist */,
				CBB744D31E858A8700D9A88A /* REFERENCE FILES */,
			);
			path = NEW_NOTES_SWIFT3_FIREBASE;
			sourceTree = "<group>";
		};
		CBB744D31E858A8700D9A88A /* REFERENCE FILES */ = {
			isa = PBXGroup;
			children = (
				CBB744C81E8588A200D9A88A /* GroceryItem.swift */,
				CBB744CA1E8588D500D9A88A /* GroceryListTableViewController.swift */,
				CBB744CB1E8588D500D9A88A /* Grocr-Bridging-Header.h */,
				CBB744CC1E8588D500D9A88A /* LoginViewController.swift */,
				CBB744CD1E8588D500D9A88A /* OnlineUsersTableViewController.swift */,
				CBB744CE1E8588D500D9A88A /* User.swift */,
			);
			name = "REFERENCE FILES";
			sourceTree = "<group>";
		};
/* End PBXGroup section */

/* Begin PBXNativeTarget section */
		CBA6866A1E85605F000753F5 /* NEW_NOTES_SWIFT3_FIREBASE */ = {
			isa = PBXNativeTarget;
			buildConfigurationList = CBA6867D1E85605F000753F5 /* Build configuration list for PBXNativeTarget "NEW_NOTES_SWIFT3_FIREBASE" */;
			buildPhases = (
				3910D838C66DFFE0E3AFDD89 /* [CP] Check Pods Manifest.lock */,
				CBA686671E85605F000753F5 /* Sources */,
				CBA686681E85605F000753F5 /* Frameworks */,
				CBA686691E85605F000753F5 /* Resources */,
				340AF04214DF864C749E3425 /* [CP] Embed Pods Frameworks */,
				0B47F30DECBFAD5D40B0BED5 /* [CP] Copy Pods Resources */,
			);
			buildRules = (
			);
			dependencies = (
			);
			name = NEW_NOTES_SWIFT3_FIREBASE;
			productName = NEW_NOTES_SWIFT3_FIREBASE;
			productReference = CBA6866B1E85605F000753F5 /* NEW_NOTES_SWIFT3_FIREBASE.app */;
			productType = "com.apple.product-type.application";
		};
/* End PBXNativeTarget section */

/* Begin PBXProject section */
		CBA686631E85605F000753F5 /* Project object */ = {
			isa = PBXProject;
			attributes = {
				LastSwiftUpdateCheck = 0810;
				LastUpgradeCheck = 0810;
				ORGANIZATIONNAME = "ALL ONE SUN";
				TargetAttributes = {
					CBA6866A1E85605F000753F5 = {
						CreatedOnToolsVersion = 8.1;
						DevelopmentTeam = YBGK5R3JSJ;
						ProvisioningStyle = Automatic;
					};
				};
			};
			buildConfigurationList = CBA686661E85605F000753F5 /* Build configuration list for PBXProject "NEW_NOTES_SWIFT3_FIREBASE" */;
			compatibilityVersion = "Xcode 3.2";
			developmentRegion = English;
			hasScannedForEncodings = 0;
			knownRegions = (
				en,
				Base,
			);
			mainGroup = CBA686621E85605F000753F5;
			productRefGroup = CBA6866C1E85605F000753F5 /* Products */;
			projectDirPath = "";
			projectRoot = "";
			targets = (
				CBA6866A1E85605F000753F5 /* NEW_NOTES_SWIFT3_FIREBASE */,
			);
		};
/* End PBXProject section */

/* Begin PBXResourcesBuildPhase section */
		CBA686691E85605F000753F5 /* Resources */ = {
			isa = PBXResourcesBuildPhase;
			buildActionMask = 2147483647;
			files = (
				CBA686791E85605F000753F5 /* LaunchScreen.storyboard in Resources */,
				CBDF547A1E857C5000ACDC82 /* GoogleService-Info.plist in Resources */,
				CBA686761E85605F000753F5 /* Assets.xcassets in Resources */,
				CBA686741E85605F000753F5 /* Main.storyboard in Resources */,
			);
			runOnlyForDeploymentPostprocessing = 0;
		};
/* End PBXResourcesBuildPhase section */

/* Begin PBXShellScriptBuildPhase section */
		0B47F30DECBFAD5D40B0BED5 /* [CP] Copy Pods Resources */ = {
			isa = PBXShellScriptBuildPhase;
			buildActionMask = 2147483647;
			files = (
			);
			inputPaths = (
			);
			name = "[CP] Copy Pods Resources";
			outputPaths = (
			);
			runOnlyForDeploymentPostprocessing = 0;
			shellPath = /bin/sh;
			shellScript = "\"${SRCROOT}/Pods/Target Support Files/Pods-NEW_NOTES_SWIFT3_FIREBASE/Pods-NEW_NOTES_SWIFT3_FIREBASE-resources.sh\"\n";
			showEnvVarsInLog = 0;
		};
		340AF04214DF864C749E3425 /* [CP] Embed Pods Frameworks */ = {
			isa = PBXShellScriptBuildPhase;
			buildActionMask = 2147483647;
			files = (
			);
			inputPaths = (
			);
			name = "[CP] Embed Pods Frameworks";
			outputPaths = (
			);
			runOnlyForDeploymentPostprocessing = 0;
			shellPath = /bin/sh;
			shellScript = "\"${SRCROOT}/Pods/Target Support Files/Pods-NEW_NOTES_SWIFT3_FIREBASE/Pods-NEW_NOTES_SWIFT3_FIREBASE-frameworks.sh\"\n";
			showEnvVarsInLog = 0;
		};
		3910D838C66DFFE0E3AFDD89 /* [CP] Check Pods Manifest.lock */ = {
			isa = PBXShellScriptBuildPhase;
			buildActionMask = 2147483647;
			files = (
			);
			inputPaths = (
			);
			name = "[CP] Check Pods Manifest.lock";
			outputPaths = (
			);
			runOnlyForDeploymentPostprocessing = 0;
			shellPath = /bin/sh;
			shellScript = "diff \"${PODS_ROOT}/../Podfile.lock\" \"${PODS_ROOT}/Manifest.lock\" > /dev/null\nif [ $? != 0 ] ; then\n    # print error to STDERR\n    echo \"error: The sandbox is not in sync with the Podfile.lock. Run 'pod install' or update your CocoaPods installation.\" >&2\n    exit 1\nfi\n";
			showEnvVarsInLog = 0;
		};
/* End PBXShellScriptBuildPhase section */

/* Begin PBXSourcesBuildPhase section */
		CBA686671E85605F000753F5 /* Sources */ = {
			isa = PBXSourcesBuildPhase;
			buildActionMask = 2147483647;
			files = (
				CBA686811E85642D000753F5 /* DetailViewController.swift in Sources */,
				CBA686711E85605F000753F5 /* ViewController.swift in Sources */,
				CBA6866F1E85605F000753F5 /* AppDelegate.swift in Sources */,
			);
			runOnlyForDeploymentPostprocessing = 0;
		};
/* End PBXSourcesBuildPhase section */

/* Begin PBXVariantGroup section */
		CBA686721E85605F000753F5 /* Main.storyboard */ = {
			isa = PBXVariantGroup;
			children = (
				CBA686731E85605F000753F5 /* Base */,
			);
			name = Main.storyboard;
			sourceTree = "<group>";
		};
		CBA686771E85605F000753F5 /* LaunchScreen.storyboard */ = {
			isa = PBXVariantGroup;
			children = (
				CBA686781E85605F000753F5 /* Base */,
			);
			name = LaunchScreen.storyboard;
			sourceTree = "<group>";
		};
/* End PBXVariantGroup section */

/* Begin XCBuildConfiguration section */
		CBA6867B1E85605F000753F5 /* Debug */ = {
			isa = XCBuildConfiguration;
			buildSettings = {
				ALWAYS_SEARCH_USER_PATHS = NO;
				CLANG_ANALYZER_NONNULL = YES;
				CLANG_CXX_LANGUAGE_STANDARD = "gnu++0x";
				CLANG_CXX_LIBRARY = "libc++";
				CLANG_ENABLE_MODULES = YES;
				CLANG_ENABLE_OBJC_ARC = YES;
				CLANG_WARN_BOOL_CONVERSION = YES;
				CLANG_WARN_CONSTANT_CONVERSION = YES;
				CLANG_WARN_DIRECT_OBJC_ISA_USAGE = YES_ERROR;
				CLANG_WARN_DOCUMENTATION_COMMENTS = YES;
				CLANG_WARN_EMPTY_BODY = YES;
				CLANG_WARN_ENUM_CONVERSION = YES;
				CLANG_WARN_INFINITE_RECURSION = YES;
				CLANG_WARN_INT_CONVERSION = YES;
				CLANG_WARN_OBJC_ROOT_CLASS = YES_ERROR;
				CLANG_WARN_SUSPICIOUS_MOVES = YES;
				CLANG_WARN_UNREACHABLE_CODE = YES;
				CLANG_WARN__DUPLICATE_METHOD_MATCH = YES;
				"CODE_SIGN_IDENTITY[sdk=iphoneos*]" = "iPhone Developer";
				COPY_PHASE_STRIP = NO;
				DEBUG_INFORMATION_FORMAT = dwarf;
				ENABLE_STRICT_OBJC_MSGSEND = YES;
				ENABLE_TESTABILITY = YES;
				GCC_C_LANGUAGE_STANDARD = gnu99;
				GCC_DYNAMIC_NO_PIC = NO;
				GCC_NO_COMMON_BLOCKS = YES;
				GCC_OPTIMIZATION_LEVEL = 0;
				GCC_PREPROCESSOR_DEFINITIONS = (
					"DEBUG=1",
					"$(inherited)",
				);
				GCC_WARN_64_TO_32_BIT_CONVERSION = YES;
				GCC_WARN_ABOUT_RETURN_TYPE = YES_ERROR;
				GCC_WARN_UNDECLARED_SELECTOR = YES;
				GCC_WARN_UNINITIALIZED_AUTOS = YES_AGGRESSIVE;
				GCC_WARN_UNUSED_FUNCTION = YES;
				GCC_WARN_UNUSED_VARIABLE = YES;
				IPHONEOS_DEPLOYMENT_TARGET = 8.1;
				MTL_ENABLE_DEBUG_INFO = YES;
				ONLY_ACTIVE_ARCH = YES;
				SDKROOT = iphoneos;
				SWIFT_ACTIVE_COMPILATION_CONDITIONS = DEBUG;
				SWIFT_OPTIMIZATION_LEVEL = "-Onone";
				TARGETED_DEVICE_FAMILY = "1,2";
			};
			name = Debug;
		};
		CBA6867C1E85605F000753F5 /* Release */ = {
			isa = XCBuildConfiguration;
			buildSettings = {
				ALWAYS_SEARCH_USER_PATHS = NO;
				CLANG_ANALYZER_NONNULL = YES;
				CLANG_CXX_LANGUAGE_STANDARD = "gnu++0x";
				CLANG_CXX_LIBRARY = "libc++";
				CLANG_ENABLE_MODULES = YES;
				CLANG_ENABLE_OBJC_ARC = YES;
				CLANG_WARN_BOOL_CONVERSION = YES;
				CLANG_WARN_CONSTANT_CONVERSION = YES;
				CLANG_WARN_DIRECT_OBJC_ISA_USAGE = YES_ERROR;
				CLANG_WARN_DOCUMENTATION_COMMENTS = YES;
				CLANG_WARN_EMPTY_BODY = YES;
				CLANG_WARN_ENUM_CONVERSION = YES;
				CLANG_WARN_INFINITE_RECURSION = YES;
				CLANG_WARN_INT_CONVERSION = YES;
				CLANG_WARN_OBJC_ROOT_CLASS = YES_ERROR;
				CLANG_WARN_SUSPICIOUS_MOVES = YES;
				CLANG_WARN_UNREACHABLE_CODE = YES;
				CLANG_WARN__DUPLICATE_METHOD_MATCH = YES;
				"CODE_SIGN_IDENTITY[sdk=iphoneos*]" = "iPhone Developer";
				COPY_PHASE_STRIP = NO;
				DEBUG_INFORMATION_FORMAT = "dwarf-with-dsym";
				ENABLE_NS_ASSERTIONS = NO;
				ENABLE_STRICT_OBJC_MSGSEND = YES;
				GCC_C_LANGUAGE_STANDARD = gnu99;
				GCC_NO_COMMON_BLOCKS = YES;
				GCC_WARN_64_TO_32_BIT_CONVERSION = YES;
				GCC_WARN_ABOUT_RETURN_TYPE = YES_ERROR;
				GCC_WARN_UNDECLARED_SELECTOR = YES;
				GCC_WARN_UNINITIALIZED_AUTOS = YES_AGGRESSIVE;
				GCC_WARN_UNUSED_FUNCTION = YES;
				GCC_WARN_UNUSED_VARIABLE = YES;
				IPHONEOS_DEPLOYMENT_TARGET = 8.1;
				MTL_ENABLE_DEBUG_INFO = NO;
				SDKROOT = iphoneos;
				SWIFT_OPTIMIZATION_LEVEL = "-Owholemodule";
				TARGETED_DEVICE_FAMILY = "1,2";
				VALIDATE_PRODUCT = YES;
			};
			name = Release;
		};
		CBA6867E1E85605F000753F5 /* Debug */ = {
			isa = XCBuildConfiguration;
			baseConfigurationReference = 4CB85320876642E46A407E42 /* Pods-NEW_NOTES_SWIFT3_FIREBASE.debug.xcconfig */;
			buildSettings = {
				ASSETCATALOG_COMPILER_APPICON_NAME = AppIcon;
				DEVELOPMENT_TEAM = YBGK5R3JSJ;
				INFOPLIST_FILE = NEW_NOTES_SWIFT3_FIREBASE/Info.plist;
				LD_RUNPATH_SEARCH_PATHS = "$(inherited) @executable_path/Frameworks";
				PRODUCT_BUNDLE_IDENTIFIER = "COM.ALLONESUN.NEW-NOTES-SWIFT3-FIREBASE";
				PRODUCT_NAME = "$(TARGET_NAME)";
				SWIFT_VERSION = 3.0;
			};
			name = Debug;
		};
		CBA6867F1E85605F000753F5 /* Release */ = {
			isa = XCBuildConfiguration;
			baseConfigurationReference = BA056D288D2D954A44392CA2 /* Pods-NEW_NOTES_SWIFT3_FIREBASE.release.xcconfig */;
			buildSettings = {
				ASSETCATALOG_COMPILER_APPICON_NAME = AppIcon;
				DEVELOPMENT_TEAM = YBGK5R3JSJ;
				INFOPLIST_FILE = NEW_NOTES_SWIFT3_FIREBASE/Info.plist;
				LD_RUNPATH_SEARCH_PATHS = "$(inherited) @executable_path/Frameworks";
				PRODUCT_BUNDLE_IDENTIFIER = "COM.ALLONESUN.NEW-NOTES-SWIFT3-FIREBASE";
				PRODUCT_NAME = "$(TARGET_NAME)";
				SWIFT_VERSION = 3.0;
			};
			name = Release;
		};
/* End XCBuildConfiguration section */

/* Begin XCConfigurationList section */
		CBA686661E85605F000753F5 /* Build configuration list for PBXProject "NEW_NOTES_SWIFT3_FIREBASE" */ = {
			isa = XCConfigurationList;
			buildConfigurations = (
				CBA6867B1E85605F000753F5 /* Debug */,
				CBA6867C1E85605F000753F5 /* Release */,
			);
			defaultConfigurationIsVisible = 0;
			defaultConfigurationName = Release;
		};
		CBA6867D1E85605F000753F5 /* Build configuration list for PBXNativeTarget "NEW_NOTES_SWIFT3_FIREBASE" */ = {
			isa = XCConfigurationList;
			buildConfigurations = (
				CBA6867E1E85605F000753F5 /* Debug */,
				CBA6867F1E85605F000753F5 /* Release */,
			);
			defaultConfigurationIsVisible = 0;
			defaultConfigurationName = Release;
		};
/* End XCConfigurationList section */
	};
	rootObject = CBA686631E85605F000753F5 /* Project object */;
}
